// !$*UTF8*$!
{
	archiveVersion = 1;
	classes = {
	};
	objectVersion = 46;
	objects = {

/* Begin PBXBuildFile section */
		8C4E33B917B6719900C2F2B5 /* RobotoCondensed-Light.ttf in Resources */ = {isa = PBXBuildFile; fileRef = 8C4E33B817B6719900C2F2B5 /* RobotoCondensed-Light.ttf */; };
		8C4E33C017B676A600C2F2B5 /* tabBarView.m in Sources */ = {isa = PBXBuildFile; fileRef = 8C4E33BF17B676A600C2F2B5 /* tabBarView.m */; };
		8C4E33C217B676BB00C2F2B5 /* tabBarView.xib in Resources */ = {isa = PBXBuildFile; fileRef = 8C4E33C117B676BB00C2F2B5 /* tabBarView.xib */; };
		8CD3F6B517B678D600AE8D1B /* tabBar@2x.png in Resources */ = {isa = PBXBuildFile; fileRef = 8CD3F6B417B678D600AE8D1B /* tabBar@2x.png */; };
		8CD3F6B717B67B8800AE8D1B /* uptrend.png in Resources */ = {isa = PBXBuildFile; fileRef = 8CD3F6B617B67B8800AE8D1B /* uptrend.png */; };
		8CD3F6BD17B67C1F00AE8D1B /* logInViewController.m in Sources */ = {isa = PBXBuildFile; fileRef = 8CD3F6BB17B67C1F00AE8D1B /* logInViewController.m */; };
		8CD3F6BE17B67C1F00AE8D1B /* logInViewController.xib in Resources */ = {isa = PBXBuildFile; fileRef = 8CD3F6BC17B67C1F00AE8D1B /* logInViewController.xib */; };
		8CD3F6C017B67C6500AE8D1B /* bg.png in Resources */ = {isa = PBXBuildFile; fileRef = 8CD3F6BF17B67C6500AE8D1B /* bg.png */; };
		8CEFA63317B04360000B41F4 /* UIKit.framework in Frameworks */ = {isa = PBXBuildFile; fileRef = 8CEFA63217B04360000B41F4 /* UIKit.framework */; };
		8CEFA63517B04360000B41F4 /* Foundation.framework in Frameworks */ = {isa = PBXBuildFile; fileRef = 8CEFA63417B04360000B41F4 /* Foundation.framework */; };
		8CEFA63717B04360000B41F4 /* CoreGraphics.framework in Frameworks */ = {isa = PBXBuildFile; fileRef = 8CEFA63617B04360000B41F4 /* CoreGraphics.framework */; };
		8CEFA63D17B04360000B41F4 /* InfoPlist.strings in Resources */ = {isa = PBXBuildFile; fileRef = 8CEFA63B17B04360000B41F4 /* InfoPlist.strings */; };
		8CEFA63F17B04360000B41F4 /* main.m in Sources */ = {isa = PBXBuildFile; fileRef = 8CEFA63E17B04360000B41F4 /* main.m */; };
		8CEFA64317B04360000B41F4 /* AppDelegate.m in Sources */ = {isa = PBXBuildFile; fileRef = 8CEFA64217B04360000B41F4 /* AppDelegate.m */; };
		8CEFA64517B04360000B41F4 /* Default.png in Resources */ = {isa = PBXBuildFile; fileRef = 8CEFA64417B04360000B41F4 /* Default.png */; };
		8CEFA64717B04360000B41F4 /* Default@2x.png in Resources */ = {isa = PBXBuildFile; fileRef = 8CEFA64617B04360000B41F4 /* Default@2x.png */; };
		8CEFA64917B04360000B41F4 /* Default-568h@2x.png in Resources */ = {isa = PBXBuildFile; fileRef = 8CEFA64817B04360000B41F4 /* Default-568h@2x.png */; };
		8CEFA64C17B04360000B41F4 /* transactionsViewController.m in Sources */ = {isa = PBXBuildFile; fileRef = 8CEFA64B17B04360000B41F4 /* transactionsViewController.m */; };
		8CEFA65317B04360000B41F4 /* statisticViewController.m in Sources */ = {isa = PBXBuildFile; fileRef = 8CEFA65217B04360000B41F4 /* statisticViewController.m */; };
		8CEFA65A17B04360000B41F4 /* transactionsViewController.xib in Resources */ = {isa = PBXBuildFile; fileRef = 8CEFA65817B04360000B41F4 /* transactionsViewController.xib */; };
		8CEFA65D17B04360000B41F4 /* statisticViewController.xib in Resources */ = {isa = PBXBuildFile; fileRef = 8CEFA65B17B04360000B41F4 /* statisticViewController.xib */; };
		8CEFA66F17B0DD46000B41F4 /* first.png in Resources */ = {isa = PBXBuildFile; fileRef = 8CEFA66B17B0DD46000B41F4 /* first.png */; };
		8CEFA67017B0DD46000B41F4 /* first@2x.png in Resources */ = {isa = PBXBuildFile; fileRef = 8CEFA66C17B0DD46000B41F4 /* first@2x.png */; };
		8CEFA67117B0DD46000B41F4 /* second.png in Resources */ = {isa = PBXBuildFile; fileRef = 8CEFA66D17B0DD46000B41F4 /* second.png */; };
		8CEFA67217B0DD46000B41F4 /* second@2x.png in Resources */ = {isa = PBXBuildFile; fileRef = 8CEFA66E17B0DD46000B41F4 /* second@2x.png */; };
		8CEFA67517B0DF90000B41F4 /* navigationBar.png in Resources */ = {isa = PBXBuildFile; fileRef = 8CEFA67317B0DF90000B41F4 /* navigationBar.png */; };
		8CEFA67617B0DF90000B41F4 /* navigationBar@2x.png in Resources */ = {isa = PBXBuildFile; fileRef = 8CEFA67417B0DF90000B41F4 /* navigationBar@2x.png */; };
		8CEFA67A17B0DFBF000B41F4 /* backBtn.png in Resources */ = {isa = PBXBuildFile; fileRef = 8CEFA67817B0DFBF000B41F4 /* backBtn.png */; };
		8CEFA67B17B0DFBF000B41F4 /* backBtn@2x.png in Resources */ = {isa = PBXBuildFile; fileRef = 8CEFA67917B0DFBF000B41F4 /* backBtn@2x.png */; };
/* End PBXBuildFile section */

/* Begin PBXFileReference section */
		8C4E33B817B6719900C2F2B5 /* RobotoCondensed-Light.ttf */ = {isa = PBXFileReference; lastKnownFileType = file; path = "RobotoCondensed-Light.ttf"; sourceTree = "<group>"; };
		8C4E33BE17B676A600C2F2B5 /* tabBarView.h */ = {isa = PBXFileReference; fileEncoding = 4; lastKnownFileType = sourcecode.c.h; path = tabBarView.h; sourceTree = "<group>"; };
		8C4E33BF17B676A600C2F2B5 /* tabBarView.m */ = {isa = PBXFileReference; fileEncoding = 4; lastKnownFileType = sourcecode.c.objc; path = tabBarView.m; sourceTree = "<group>"; };
		8C4E33C117B676BB00C2F2B5 /* tabBarView.xib */ = {isa = PBXFileReference; fileEncoding = 4; lastKnownFileType = file.xib; path = tabBarView.xib; sourceTree = "<group>"; };
		8CD3F6B417B678D600AE8D1B /* tabBar@2x.png */ = {isa = PBXFileReference; lastKnownFileType = image.png; name = "tabBar@2x.png"; path = "Supporting Files/Images/tabBar/tabBar@2x.png"; sourceTree = "<group>"; };
		8CD3F6B617B67B8800AE8D1B /* uptrend.png */ = {isa = PBXFileReference; lastKnownFileType = image.png; path = uptrend.png; sourceTree = "<group>"; };
		8CD3F6BA17B67C1F00AE8D1B /* logInViewController.h */ = {isa = PBXFileReference; fileEncoding = 4; lastKnownFileType = sourcecode.c.h; path = logInViewController.h; sourceTree = "<group>"; };
		8CD3F6BB17B67C1F00AE8D1B /* logInViewController.m */ = {isa = PBXFileReference; fileEncoding = 4; lastKnownFileType = sourcecode.c.objc; path = logInViewController.m; sourceTree = "<group>"; };
		8CD3F6BC17B67C1F00AE8D1B /* logInViewController.xib */ = {isa = PBXFileReference; fileEncoding = 4; lastKnownFileType = file.xib; path = logInViewController.xib; sourceTree = "<group>"; };
		8CD3F6BF17B67C6500AE8D1B /* bg.png */ = {isa = PBXFileReference; lastKnownFileType = image.png; name = bg.png; path = "Supporting Files/Images/bg/bg.png"; sourceTree = "<group>"; };
		8CEFA62F17B04360000B41F4 /* BudgetController.app */ = {isa = PBXFileReference; explicitFileType = wrapper.application; includeInIndex = 0; path = BudgetController.app; sourceTree = BUILT_PRODUCTS_DIR; };
		8CEFA63217B04360000B41F4 /* UIKit.framework */ = {isa = PBXFileReference; lastKnownFileType = wrapper.framework; name = UIKit.framework; path = System/Library/Frameworks/UIKit.framework; sourceTree = SDKROOT; };
		8CEFA63417B04360000B41F4 /* Foundation.framework */ = {isa = PBXFileReference; lastKnownFileType = wrapper.framework; name = Foundation.framework; path = System/Library/Frameworks/Foundation.framework; sourceTree = SDKROOT; };
		8CEFA63617B04360000B41F4 /* CoreGraphics.framework */ = {isa = PBXFileReference; lastKnownFileType = wrapper.framework; name = CoreGraphics.framework; path = System/Library/Frameworks/CoreGraphics.framework; sourceTree = SDKROOT; };
		8CEFA63A17B04360000B41F4 /* BudgetController-Info.plist */ = {isa = PBXFileReference; lastKnownFileType = text.plist.xml; path = "BudgetController-Info.plist"; sourceTree = "<group>"; };
		8CEFA63C17B04360000B41F4 /* en */ = {isa = PBXFileReference; lastKnownFileType = text.plist.strings; name = en; path = en.lproj/InfoPlist.strings; sourceTree = "<group>"; };
		8CEFA63E17B04360000B41F4 /* main.m */ = {isa = PBXFileReference; lastKnownFileType = sourcecode.c.objc; path = main.m; sourceTree = "<group>"; };
		8CEFA64017B04360000B41F4 /* BudgetController-Prefix.pch */ = {isa = PBXFileReference; lastKnownFileType = sourcecode.c.h; path = "BudgetController-Prefix.pch"; sourceTree = "<group>"; };
		8CEFA64117B04360000B41F4 /* AppDelegate.h */ = {isa = PBXFileReference; lastKnownFileType = sourcecode.c.h; path = AppDelegate.h; sourceTree = "<group>"; };
		8CEFA64217B04360000B41F4 /* AppDelegate.m */ = {isa = PBXFileReference; lastKnownFileType = sourcecode.c.objc; path = AppDelegate.m; sourceTree = "<group>"; };
		8CEFA64417B04360000B41F4 /* Default.png */ = {isa = PBXFileReference; lastKnownFileType = image.png; path = Default.png; sourceTree = "<group>"; };
		8CEFA64617B04360000B41F4 /* Default@2x.png */ = {isa = PBXFileReference; lastKnownFileType = image.png; path = "Default@2x.png"; sourceTree = "<group>"; };
		8CEFA64817B04360000B41F4 /* Default-568h@2x.png */ = {isa = PBXFileReference; lastKnownFileType = image.png; path = "Default-568h@2x.png"; sourceTree = "<group>"; };
		8CEFA64A17B04360000B41F4 /* transactionsViewController.h */ = {isa = PBXFileReference; lastKnownFileType = sourcecode.c.h; path = transactionsViewController.h; sourceTree = "<group>"; };
		8CEFA64B17B04360000B41F4 /* transactionsViewController.m */ = {isa = PBXFileReference; lastKnownFileType = sourcecode.c.objc; path = transactionsViewController.m; sourceTree = "<group>"; };
		8CEFA65117B04360000B41F4 /* statisticViewController.h */ = {isa = PBXFileReference; lastKnownFileType = sourcecode.c.h; path = statisticViewController.h; sourceTree = "<group>"; };
		8CEFA65217B04360000B41F4 /* statisticViewController.m */ = {isa = PBXFileReference; lastKnownFileType = sourcecode.c.objc; path = statisticViewController.m; sourceTree = "<group>"; };
		8CEFA65917B04360000B41F4 /* en */ = {isa = PBXFileReference; lastKnownFileType = file.xib; name = en; path = en.lproj/transactionsViewController.xib; sourceTree = "<group>"; };
		8CEFA65C17B04360000B41F4 /* en */ = {isa = PBXFileReference; lastKnownFileType = file.xib; name = en; path = en.lproj/statisticViewController.xib; sourceTree = "<group>"; };
		8CEFA66B17B0DD46000B41F4 /* first.png */ = {isa = PBXFileReference; lastKnownFileType = image.png; name = first.png; path = "Supporting Files/Images/tabBarImages/first.png"; sourceTree = "<group>"; };
		8CEFA66C17B0DD46000B41F4 /* first@2x.png */ = {isa = PBXFileReference; lastKnownFileType = image.png; name = "first@2x.png"; path = "Supporting Files/Images/tabBarImages/first@2x.png"; sourceTree = "<group>"; };
		8CEFA66D17B0DD46000B41F4 /* second.png */ = {isa = PBXFileReference; lastKnownFileType = image.png; name = second.png; path = "Supporting Files/Images/tabBarImages/second.png"; sourceTree = "<group>"; };
		8CEFA66E17B0DD46000B41F4 /* second@2x.png */ = {isa = PBXFileReference; lastKnownFileType = image.png; name = "second@2x.png"; path = "Supporting Files/Images/tabBarImages/second@2x.png"; sourceTree = "<group>"; };
		8CEFA67317B0DF90000B41F4 /* navigationBar.png */ = {isa = PBXFileReference; lastKnownFileType = image.png; name = navigationBar.png; path = "Supporting Files/Images/navigationBar/navigationBar.png"; sourceTree = "<group>"; };
		8CEFA67417B0DF90000B41F4 /* navigationBar@2x.png */ = {isa = PBXFileReference; lastKnownFileType = image.png; name = "navigationBar@2x.png"; path = "Supporting Files/Images/navigationBar/navigationBar@2x.png"; sourceTree = "<group>"; };
		8CEFA67817B0DFBF000B41F4 /* backBtn.png */ = {isa = PBXFileReference; lastKnownFileType = image.png; path = backBtn.png; sourceTree = "<group>"; };
		8CEFA67917B0DFBF000B41F4 /* backBtn@2x.png */ = {isa = PBXFileReference; lastKnownFileType = image.png; path = "backBtn@2x.png"; sourceTree = "<group>"; };
/* End PBXFileReference section */

/* Begin PBXFrameworksBuildPhase section */
		8CEFA62C17B04360000B41F4 /* Frameworks */ = {
			isa = PBXFrameworksBuildPhase;
			buildActionMask = 2147483647;
			files = (
				8CEFA63317B04360000B41F4 /* UIKit.framework in Frameworks */,
				8CEFA63517B04360000B41F4 /* Foundation.framework in Frameworks */,
				8CEFA63717B04360000B41F4 /* CoreGraphics.framework in Frameworks */,
			);
			runOnlyForDeploymentPostprocessing = 0;
		};
/* End PBXFrameworksBuildPhase section */

/* Begin PBXGroup section */
		8C4E33BA17B6719F00C2F2B5 /* Fonts */ = {
			isa = PBXGroup;
			children = (
				8C4E33B817B6719900C2F2B5 /* RobotoCondensed-Light.ttf */,
			);
			name = Fonts;
			sourceTree = "<group>";
		};
		8C4E33BB17B6752800C2F2B5 /* viewControllers */ = {
			isa = PBXGroup;
			children = (
				8CD3F6B817B67BF000AE8D1B /* logInViewController */,
				8CEFA66517B0482B000B41F4 /* transactionsViewController */,
				8CEFA66717B04862000B41F4 /* statisticViewController */,
			);
			name = viewControllers;
			sourceTree = "<group>";
		};
		8C4E33BC17B6756F00C2F2B5 /* views */ = {
			isa = PBXGroup;
			children = (
				8C4E33BD17B6757700C2F2B5 /* tabBar */,
			);
			name = views;
			sourceTree = "<group>";
		};
		8C4E33BD17B6757700C2F2B5 /* tabBar */ = {
			isa = PBXGroup;
			children = (
				8C4E33BE17B676A600C2F2B5 /* tabBarView.h */,
				8C4E33BF17B676A600C2F2B5 /* tabBarView.m */,
				8C4E33C117B676BB00C2F2B5 /* tabBarView.xib */,
			);
			name = tabBar;
			sourceTree = "<group>";
		};
		8CD3F6B317B678C500AE8D1B /* tabBar */ = {
			isa = PBXGroup;
			children = (
				8CD3F6B617B67B8800AE8D1B /* uptrend.png */,
				8CD3F6B417B678D600AE8D1B /* tabBar@2x.png */,
			);
			name = tabBar;
			sourceTree = "<group>";
		};
		8CD3F6B817B67BF000AE8D1B /* logInViewController */ = {
			isa = PBXGroup;
			children = (
				8CD3F6BA17B67C1F00AE8D1B /* logInViewController.h */,
				8CD3F6BB17B67C1F00AE8D1B /* logInViewController.m */,
				8CD3F6BC17B67C1F00AE8D1B /* logInViewController.xib */,
			);
			name = logInViewController;
			sourceTree = "<group>";
		};
		8CD3F6C117B67C6800AE8D1B /* bg */ = {
			isa = PBXGroup;
			children = (
				8CD3F6BF17B67C6500AE8D1B /* bg.png */,
			);
			name = bg;
			sourceTree = "<group>";
		};
		8CEFA62617B04360000B41F4 = {
			isa = PBXGroup;
			children = (
				8CEFA63817B04360000B41F4 /* BudgetController */,
				8CEFA63017B04360000B41F4 /* Products */,
			);
			sourceTree = "<group>";
		};
		8CEFA63017B04360000B41F4 /* Products */ = {
			isa = PBXGroup;
			children = (
				8CEFA62F17B04360000B41F4 /* BudgetController.app */,
			);
			name = Products;
			sourceTree = "<group>";
		};
		8CEFA63117B04360000B41F4 /* Frameworks */ = {
			isa = PBXGroup;
			children = (
				8CEFA63217B04360000B41F4 /* UIKit.framework */,
				8CEFA63417B04360000B41F4 /* Foundation.framework */,
				8CEFA63617B04360000B41F4 /* CoreGraphics.framework */,
			);
			name = Frameworks;
			path = ..;
			sourceTree = "<group>";
		};
		8CEFA63817B04360000B41F4 /* BudgetController */ = {
			isa = PBXGroup;
			children = (
				8CEFA66417B04820000B41F4 /* Sources */,
				8CEFA63917B04360000B41F4 /* Supporting Files */,
			);
			path = BudgetController;
			sourceTree = "<group>";
		};
		8CEFA63917B04360000B41F4 /* Supporting Files */ = {
			isa = PBXGroup;
			children = (
				8C4E33BA17B6719F00C2F2B5 /* Fonts */,
				8CEFA63117B04360000B41F4 /* Frameworks */,
				8CEFA66617B04847000B41F4 /* Images */,
				8CEFA63A17B04360000B41F4 /* BudgetController-Info.plist */,
				8CEFA63B17B04360000B41F4 /* InfoPlist.strings */,
				8CEFA63E17B04360000B41F4 /* main.m */,
				8CEFA64017B04360000B41F4 /* BudgetController-Prefix.pch */,
			);
			name = "Supporting Files";
			sourceTree = "<group>";
		};
		8CEFA66317B0480F000B41F4 /* AppDelegate */ = {
			isa = PBXGroup;
			children = (
				8CEFA64117B04360000B41F4 /* AppDelegate.h */,
				8CEFA64217B04360000B41F4 /* AppDelegate.m */,
			);
			name = AppDelegate;
			sourceTree = "<group>";
		};
		8CEFA66417B04820000B41F4 /* Sources */ = {
			isa = PBXGroup;
			children = (
				8C4E33BC17B6756F00C2F2B5 /* views */,
				8CEFA66317B0480F000B41F4 /* AppDelegate */,
				8C4E33BB17B6752800C2F2B5 /* viewControllers */,
			);
			name = Sources;
			sourceTree = "<group>";
		};
		8CEFA66517B0482B000B41F4 /* transactionsViewController */ = {
			isa = PBXGroup;
			children = (
				8CEFA64A17B04360000B41F4 /* transactionsViewController.h */,
				8CEFA64B17B04360000B41F4 /* transactionsViewController.m */,
				8CEFA65817B04360000B41F4 /* transactionsViewController.xib */,
			);
			name = transactionsViewController;
			sourceTree = "<group>";
		};
		8CEFA66617B04847000B41F4 /* Images */ = {
			isa = PBXGroup;
			children = (
				8CD3F6C117B67C6800AE8D1B /* bg */,
				8CD3F6B317B678C500AE8D1B /* tabBar */,
				8CEFA67717B0DFB3000B41F4 /* backBtn */,
				8CEFA66A17B0DBCE000B41F4 /* navigationBar */,
				8CEFA66817B0492C000B41F4 /* tabBarImages */,
				8CEFA66917B0493B000B41F4 /* SplashScreens */,
			);
			name = Images;
			sourceTree = "<group>";
		};
		8CEFA66717B04862000B41F4 /* statisticViewController */ = {
			isa = PBXGroup;
			children = (
				8CEFA65117B04360000B41F4 /* statisticViewController.h */,
				8CEFA65217B04360000B41F4 /* statisticViewController.m */,
				8CEFA65B17B04360000B41F4 /* statisticViewController.xib */,
			);
			name = statisticViewController;
			sourceTree = "<group>";
		};
		8CEFA66817B0492C000B41F4 /* tabBarImages */ = {
			isa = PBXGroup;
			children = (
				8CEFA66B17B0DD46000B41F4 /* first.png */,
				8CEFA66C17B0DD46000B41F4 /* first@2x.png */,
				8CEFA66D17B0DD46000B41F4 /* second.png */,
				8CEFA66E17B0DD46000B41F4 /* second@2x.png */,
			);
			name = tabBarImages;
			sourceTree = "<group>";
		};
		8CEFA66917B0493B000B41F4 /* SplashScreens */ = {
			isa = PBXGroup;
			children = (
				8CEFA64417B04360000B41F4 /* Default.png */,
				8CEFA64617B04360000B41F4 /* Default@2x.png */,
				8CEFA64817B04360000B41F4 /* Default-568h@2x.png */,
			);
			name = SplashScreens;
			sourceTree = "<group>";
		};
		8CEFA66A17B0DBCE000B41F4 /* navigationBar */ = {
			isa = PBXGroup;
			children = (
				8CEFA67317B0DF90000B41F4 /* navigationBar.png */,
				8CEFA67417B0DF90000B41F4 /* navigationBar@2x.png */,
			);
			name = navigationBar;
			sourceTree = "<group>";
		};
		8CEFA67717B0DFB3000B41F4 /* backBtn */ = {
			isa = PBXGroup;
			children = (
				8CEFA67817B0DFBF000B41F4 /* backBtn.png */,
				8CEFA67917B0DFBF000B41F4 /* backBtn@2x.png */,
			);
			name = backBtn;
			sourceTree = "<group>";
		};
/* End PBXGroup section */

/* Begin PBXNativeTarget section */
		8CEFA62E17B04360000B41F4 /* BudgetController */ = {
			isa = PBXNativeTarget;
			buildConfigurationList = 8CEFA66017B04360000B41F4 /* Build configuration list for PBXNativeTarget "BudgetController" */;
			buildPhases = (
				8CEFA62B17B04360000B41F4 /* Sources */,
				8CEFA62C17B04360000B41F4 /* Frameworks */,
				8CEFA62D17B04360000B41F4 /* Resources */,
			);
			buildRules = (
			);
			dependencies = (
			);
			name = BudgetController;
			productName = BudgetController;
			productReference = 8CEFA62F17B04360000B41F4 /* BudgetController.app */;
			productType = "com.apple.product-type.application";
		};
/* End PBXNativeTarget section */

/* Begin PBXProject section */
		8CEFA62717B04360000B41F4 /* Project object */ = {
			isa = PBXProject;
			attributes = {
				LastUpgradeCheck = 0460;
				ORGANIZATIONNAME = vexadev;
			};
			buildConfigurationList = 8CEFA62A17B04360000B41F4 /* Build configuration list for PBXProject "BudgetController" */;
			compatibilityVersion = "Xcode 3.2";
			developmentRegion = English;
			hasScannedForEncodings = 0;
			knownRegions = (
				en,
			);
			mainGroup = 8CEFA62617B04360000B41F4;
			productRefGroup = 8CEFA63017B04360000B41F4 /* Products */;
			projectDirPath = "";
			projectRoot = "";
			targets = (
				8CEFA62E17B04360000B41F4 /* BudgetController */,
			);
		};
/* End PBXProject section */

/* Begin PBXResourcesBuildPhase section */
		8CEFA62D17B04360000B41F4 /* Resources */ = {
			isa = PBXResourcesBuildPhase;
			buildActionMask = 2147483647;
			files = (
				8CEFA63D17B04360000B41F4 /* InfoPlist.strings in Resources */,
				8CEFA64517B04360000B41F4 /* Default.png in Resources */,
				8CEFA64717B04360000B41F4 /* Default@2x.png in Resources */,
				8CEFA64917B04360000B41F4 /* Default-568h@2x.png in Resources */,
				8CEFA65A17B04360000B41F4 /* transactionsViewController.xib in Resources */,
				8CEFA65D17B04360000B41F4 /* statisticViewController.xib in Resources */,
				8CEFA66F17B0DD46000B41F4 /* first.png in Resources */,
				8CEFA67017B0DD46000B41F4 /* first@2x.png in Resources */,
				8CEFA67117B0DD46000B41F4 /* second.png in Resources */,
				8CEFA67217B0DD46000B41F4 /* second@2x.png in Resources */,
				8CEFA67517B0DF90000B41F4 /* navigationBar.png in Resources */,
				8CEFA67617B0DF90000B41F4 /* navigationBar@2x.png in Resources */,
				8CEFA67A17B0DFBF000B41F4 /* backBtn.png in Resources */,
				8CEFA67B17B0DFBF000B41F4 /* backBtn@2x.png in Resources */,
				8C4E33B917B6719900C2F2B5 /* RobotoCondensed-Light.ttf in Resources */,
				8C4E33C217B676BB00C2F2B5 /* tabBarView.xib in Resources */,
				8CD3F6B517B678D600AE8D1B /* tabBar@2x.png in Resources */,
				8CD3F6B717B67B8800AE8D1B /* uptrend.png in Resources */,
				8CD3F6BE17B67C1F00AE8D1B /* logInViewController.xib in Resources */,
				8CD3F6C017B67C6500AE8D1B /* bg.png in Resources */,
			);
			runOnlyForDeploymentPostprocessing = 0;
		};
/* End PBXResourcesBuildPhase section */

/* Begin PBXSourcesBuildPhase section */
		8CEFA62B17B04360000B41F4 /* Sources */ = {
			isa = PBXSourcesBuildPhase;
			buildActionMask = 2147483647;
			files = (
				8CEFA63F17B04360000B41F4 /* main.m in Sources */,
				8CEFA64317B04360000B41F4 /* AppDelegate.m in Sources */,
				8CEFA64C17B04360000B41F4 /* transactionsViewController.m in Sources */,
				8CEFA65317B04360000B41F4 /* statisticViewController.m in Sources */,
				8C4E33C017B676A600C2F2B5 /* tabBarView.m in Sources */,
				8CD3F6BD17B67C1F00AE8D1B /* logInViewController.m in Sources */,
			);
			runOnlyForDeploymentPostprocessing = 0;
		};
/* End PBXSourcesBuildPhase section */

/* Begin PBXVariantGroup section */
		8CEFA63B17B04360000B41F4 /* InfoPlist.strings */ = {
			isa = PBXVariantGroup;
			children = (
				8CEFA63C17B04360000B41F4 /* en */,
			);
			name = InfoPlist.strings;
			sourceTree = "<group>";
		};
		8CEFA65817B04360000B41F4 /* transactionsViewController.xib */ = {
			isa = PBXVariantGroup;
			children = (
				8CEFA65917B04360000B41F4 /* en */,
			);
			name = transactionsViewController.xib;
			sourceTree = "<group>";
		};
		8CEFA65B17B04360000B41F4 /* statisticViewController.xib */ = {
			isa = PBXVariantGroup;
			children = (
				8CEFA65C17B04360000B41F4 /* en */,
			);
			name = statisticViewController.xib;
			sourceTree = "<group>";
		};
/* End PBXVariantGroup section */

/* Begin XCBuildConfiguration section */
		8CEFA65E17B04360000B41F4 /* Debug */ = {
			isa = XCBuildConfiguration;
			buildSettings = {
				ALWAYS_SEARCH_USER_PATHS = NO;
				CLANG_CXX_LANGUAGE_STANDARD = "gnu++0x";
				CLANG_CXX_LIBRARY = "libc++";
				CLANG_ENABLE_OBJC_ARC = YES;
				CLANG_WARN_CONSTANT_CONVERSION = YES;
				CLANG_WARN_EMPTY_BODY = YES;
				CLANG_WARN_ENUM_CONVERSION = YES;
				CLANG_WARN_INT_CONVERSION = YES;
				CLANG_WARN__DUPLICATE_METHOD_MATCH = YES;
				"CODE_SIGN_IDENTITY[sdk=iphoneos*]" = "iPhone Developer";
				COPY_PHASE_STRIP = NO;
				GCC_C_LANGUAGE_STANDARD = gnu99;
				GCC_DYNAMIC_NO_PIC = NO;
				GCC_OPTIMIZATION_LEVEL = 0;
				GCC_PREPROCESSOR_DEFINITIONS = (
					"DEBUG=1",
					"$(inherited)",
				);
				GCC_SYMBOLS_PRIVATE_EXTERN = NO;
				GCC_WARN_ABOUT_RETURN_TYPE = YES;
				GCC_WARN_UNINITIALIZED_AUTOS = YES;
				GCC_WARN_UNUSED_VARIABLE = YES;
				IPHONEOS_DEPLOYMENT_TARGET = 6.1;
				ONLY_ACTIVE_ARCH = YES;
				SDKROOT = iphoneos;
			};
			name = Debug;
		};
		8CEFA65F17B04360000B41F4 /* Release */ = {
			isa = XCBuildConfiguration;
			buildSettings = {
				ALWAYS_SEARCH_USER_PATHS = NO;
				CLANG_CXX_LANGUAGE_STANDARD = "gnu++0x";
				CLANG_CXX_LIBRARY = "libc++";
				CLANG_ENABLE_OBJC_ARC = YES;
				CLANG_WARN_CONSTANT_CONVERSION = YES;
				CLANG_WARN_EMPTY_BODY = YES;
				CLANG_WARN_ENUM_CONVERSION = YES;
				CLANG_WARN_INT_CONVERSION = YES;
				CLANG_WARN__DUPLICATE_METHOD_MATCH = YES;
				"CODE_SIGN_IDENTITY[sdk=iphoneos*]" = "iPhone Developer";
				COPY_PHASE_STRIP = YES;
				GCC_C_LANGUAGE_STANDARD = gnu99;
				GCC_WARN_ABOUT_RETURN_TYPE = YES;
				GCC_WARN_UNINITIALIZED_AUTOS = YES;
				GCC_WARN_UNUSED_VARIABLE = YES;
				IPHONEOS_DEPLOYMENT_TARGET = 6.1;
				OTHER_CFLAGS = "-DNS_BLOCK_ASSERTIONS=1";
				SDKROOT = iphoneos;
				VALIDATE_PRODUCT = YES;
			};
			name = Release;
		};
		8CEFA66117B04360000B41F4 /* Debug */ = {
			isa = XCBuildConfiguration;
			buildSettings = {
				GCC_PRECOMPILE_PREFIX_HEADER = YES;
				GCC_PREFIX_HEADER = "BudgetController/BudgetController-Prefix.pch";
				INFOPLIST_FILE = "BudgetController/BudgetController-Info.plist";
				PRODUCT_NAME = "$(TARGET_NAME)";
				WRAPPER_EXTENSION = app;
			};
			name = Debug;
		};
		8CEFA66217B04360000B41F4 /* Release */ = {
			isa = XCBuildConfiguration;
			buildSettings = {
				GCC_PRECOMPILE_PREFIX_HEADER = YES;
				GCC_PREFIX_HEADER = "BudgetController/BudgetController-Prefix.pch";
				INFOPLIST_FILE = "BudgetController/BudgetController-Info.plist";
				PRODUCT_NAME = "$(TARGET_NAME)";
				WRAPPER_EXTENSION = app;
			};
			name = Release;
		};
/* End XCBuildConfiguration section */

/* Begin XCConfigurationList section */
		8CEFA62A17B04360000B41F4 /* Build configuration list for PBXProject "BudgetController" */ = {
			isa = XCConfigurationList;
			buildConfigurations = (
				8CEFA65E17B04360000B41F4 /* Debug */,
				8CEFA65F17B04360000B41F4 /* Release */,
			);
			defaultConfigurationIsVisible = 0;
			defaultConfigurationName = Release;
		};
		8CEFA66017B04360000B41F4 /* Build configuration list for PBXNativeTarget "BudgetController" */ = {
			isa = XCConfigurationList;
			buildConfigurations = (
				8CEFA66117B04360000B41F4 /* Debug */,
				8CEFA66217B04360000B41F4 /* Release */,
			);
			defaultConfigurationIsVisible = 0;
			defaultConfigurationName = Release;
		};
/* End XCConfigurationList section */
	};
	rootObject = 8CEFA62717B04360000B41F4 /* Project object */;
}
